// !$*UTF8*$!
{
	archiveVersion = 1;
	classes = {
	};
	objectVersion = 56;
	objects = {

/* Begin PBXBuildFile section */
		45022A5F2AE67B19006349CB /* MemoryGame.swift in Sources */ = {isa = PBXBuildFile; fileRef = 45022A5E2AE67B19006349CB /* MemoryGame.swift */; };
		45022A612AE67D6A006349CB /* EmojiMemoryGame.swift in Sources */ = {isa = PBXBuildFile; fileRef = 45022A602AE67D6A006349CB /* EmojiMemoryGame.swift */; };
		45A2E7892AE26B7D005AFC1A /* MemoriseApp.swift in Sources */ = {isa = PBXBuildFile; fileRef = 45A2E7882AE26B7D005AFC1A /* MemoriseApp.swift */; };
		45A2E78B2AE26B7D005AFC1A /* EmojiMemoryCardView.swift in Sources */ = {isa = PBXBuildFile; fileRef = 45A2E78A2AE26B7D005AFC1A /* EmojiMemoryCardView.swift */; };
		45A2E78D2AE26B7D005AFC1A /* Assets.xcassets in Resources */ = {isa = PBXBuildFile; fileRef = 45A2E78C2AE26B7D005AFC1A /* Assets.xcassets */; };
		45A2E7902AE26B7D005AFC1A /* Preview Assets.xcassets in Resources */ = {isa = PBXBuildFile; fileRef = 45A2E78F2AE26B7D005AFC1A /* Preview Assets.xcassets */; };
		45A2E79A2AE26B7D005AFC1A /* MemoriseTests.swift in Sources */ = {isa = PBXBuildFile; fileRef = 45A2E7992AE26B7D005AFC1A /* MemoriseTests.swift */; };
		45A2E7A42AE26B7D005AFC1A /* MemoriseUITests.swift in Sources */ = {isa = PBXBuildFile; fileRef = 45A2E7A32AE26B7D005AFC1A /* MemoriseUITests.swift */; };
		45A2E7A62AE26B7D005AFC1A /* MemoriseUITestsLaunchTests.swift in Sources */ = {isa = PBXBuildFile; fileRef = 45A2E7A52AE26B7D005AFC1A /* MemoriseUITestsLaunchTests.swift */; };
		45E9B4952AE869290049AAAC /* AspectVGrid.swift in Sources */ = {isa = PBXBuildFile; fileRef = 45E9B4942AE869290049AAAC /* AspectVGrid.swift */; };
		45E9B4972AE877AA0049AAAC /* Pie.swift in Sources */ = {isa = PBXBuildFile; fileRef = 45E9B4962AE877AA0049AAAC /* Pie.swift */; };
		45E9B4992AE90A180049AAAC /* Cardify.swift in Sources */ = {isa = PBXBuildFile; fileRef = 45E9B4982AE90A180049AAAC /* Cardify.swift */; };
/* End PBXBuildFile section */

/* Begin PBXContainerItemProxy section */
		45A2E7962AE26B7D005AFC1A /* PBXContainerItemProxy */ = {
			isa = PBXContainerItemProxy;
			containerPortal = 45A2E77D2AE26B7C005AFC1A /* Project object */;
			proxyType = 1;
			remoteGlobalIDString = 45A2E7842AE26B7C005AFC1A;
			remoteInfo = Memorise;
		};
		45A2E7A02AE26B7D005AFC1A /* PBXContainerItemProxy */ = {
			isa = PBXContainerItemProxy;
			containerPortal = 45A2E77D2AE26B7C005AFC1A /* Project object */;
			proxyType = 1;
			remoteGlobalIDString = 45A2E7842AE26B7C005AFC1A;
			remoteInfo = Memorise;
		};
/* End PBXContainerItemProxy section */

/* Begin PBXFileReference section */
		45022A5E2AE67B19006349CB /* MemoryGame.swift */ = {isa = PBXFileReference; lastKnownFileType = sourcecode.swift; path = MemoryGame.swift; sourceTree = "<group>"; };
		45022A602AE67D6A006349CB /* EmojiMemoryGame.swift */ = {isa = PBXFileReference; lastKnownFileType = sourcecode.swift; path = EmojiMemoryGame.swift; sourceTree = "<group>"; };
		45A2E7852AE26B7D005AFC1A /* Memorise.app */ = {isa = PBXFileReference; explicitFileType = wrapper.application; includeInIndex = 0; path = Memorise.app; sourceTree = BUILT_PRODUCTS_DIR; };
		45A2E7882AE26B7D005AFC1A /* MemoriseApp.swift */ = {isa = PBXFileReference; lastKnownFileType = sourcecode.swift; path = MemoriseApp.swift; sourceTree = "<group>"; };
		45A2E78A2AE26B7D005AFC1A /* EmojiMemoryCardView.swift */ = {isa = PBXFileReference; lastKnownFileType = sourcecode.swift; path = EmojiMemoryCardView.swift; sourceTree = "<group>"; };
		45A2E78C2AE26B7D005AFC1A /* Assets.xcassets */ = {isa = PBXFileReference; lastKnownFileType = folder.assetcatalog; path = Assets.xcassets; sourceTree = "<group>"; };
		45A2E78F2AE26B7D005AFC1A /* Preview Assets.xcassets */ = {isa = PBXFileReference; lastKnownFileType = folder.assetcatalog; path = "Preview Assets.xcassets"; sourceTree = "<group>"; };
		45A2E7952AE26B7D005AFC1A /* MemoriseTests.xctest */ = {isa = PBXFileReference; explicitFileType = wrapper.cfbundle; includeInIndex = 0; path = MemoriseTests.xctest; sourceTree = BUILT_PRODUCTS_DIR; };
		45A2E7992AE26B7D005AFC1A /* MemoriseTests.swift */ = {isa = PBXFileReference; lastKnownFileType = sourcecode.swift; path = MemoriseTests.swift; sourceTree = "<group>"; };
		45A2E79F2AE26B7D005AFC1A /* MemoriseUITests.xctest */ = {isa = PBXFileReference; explicitFileType = wrapper.cfbundle; includeInIndex = 0; path = MemoriseUITests.xctest; sourceTree = BUILT_PRODUCTS_DIR; };
		45A2E7A32AE26B7D005AFC1A /* MemoriseUITests.swift */ = {isa = PBXFileReference; lastKnownFileType = sourcecode.swift; path = MemoriseUITests.swift; sourceTree = "<group>"; };
		45A2E7A52AE26B7D005AFC1A /* MemoriseUITestsLaunchTests.swift */ = {isa = PBXFileReference; lastKnownFileType = sourcecode.swift; path = MemoriseUITestsLaunchTests.swift; sourceTree = "<group>"; };
		45E9B4942AE869290049AAAC /* AspectVGrid.swift */ = {isa = PBXFileReference; lastKnownFileType = sourcecode.swift; path = AspectVGrid.swift; sourceTree = "<group>"; };
		45E9B4962AE877AA0049AAAC /* Pie.swift */ = {isa = PBXFileReference; lastKnownFileType = sourcecode.swift; path = Pie.swift; sourceTree = "<group>"; };
		45E9B4982AE90A180049AAAC /* Cardify.swift */ = {isa = PBXFileReference; lastKnownFileType = sourcecode.swift; path = Cardify.swift; sourceTree = "<group>"; };
/* End PBXFileReference section */

/* Begin PBXFrameworksBuildPhase section */
		45A2E7822AE26B7C005AFC1A /* Frameworks */ = {
			isa = PBXFrameworksBuildPhase;
			buildActionMask = 2147483647;
			files = (
			);
			runOnlyForDeploymentPostprocessing = 0;
		};
		45A2E7922AE26B7D005AFC1A /* Frameworks */ = {
			isa = PBXFrameworksBuildPhase;
			buildActionMask = 2147483647;
			files = (
			);
			runOnlyForDeploymentPostprocessing = 0;
		};
		45A2E79C2AE26B7D005AFC1A /* Frameworks */ = {
			isa = PBXFrameworksBuildPhase;
			buildActionMask = 2147483647;
			files = (
			);
			runOnlyForDeploymentPostprocessing = 0;
		};
/* End PBXFrameworksBuildPhase section */

/* Begin PBXGroup section */
		45A2E77C2AE26B7C005AFC1A = {
			isa = PBXGroup;
			children = (
				45A2E7872AE26B7D005AFC1A /* Memorise */,
				45A2E7982AE26B7D005AFC1A /* MemoriseTests */,
				45A2E7A22AE26B7D005AFC1A /* MemoriseUITests */,
				45A2E7862AE26B7D005AFC1A /* Products */,
			);
			sourceTree = "<group>";
		};
		45A2E7862AE26B7D005AFC1A /* Products */ = {
			isa = PBXGroup;
			children = (
				45A2E7852AE26B7D005AFC1A /* Memorise.app */,
				45A2E7952AE26B7D005AFC1A /* MemoriseTests.xctest */,
				45A2E79F2AE26B7D005AFC1A /* MemoriseUITests.xctest */,
			);
			name = Products;
			sourceTree = "<group>";
		};
		45A2E7872AE26B7D005AFC1A /* Memorise */ = {
			isa = PBXGroup;
			children = (
				45A2E7882AE26B7D005AFC1A /* MemoriseApp.swift */,
				45A2E78A2AE26B7D005AFC1A /* EmojiMemoryCardView.swift */,
				45E9B4982AE90A180049AAAC /* Cardify.swift */,
				45E9B4962AE877AA0049AAAC /* Pie.swift */,
				45E9B4942AE869290049AAAC /* AspectVGrid.swift */,
				45022A5E2AE67B19006349CB /* MemoryGame.swift */,
				45022A602AE67D6A006349CB /* EmojiMemoryGame.swift */,
				45A2E78C2AE26B7D005AFC1A /* Assets.xcassets */,
				45A2E78E2AE26B7D005AFC1A /* Preview Content */,
			);
			path = Memorise;
			sourceTree = "<group>";
		};
		45A2E78E2AE26B7D005AFC1A /* Preview Content */ = {
			isa = PBXGroup;
			children = (
				45A2E78F2AE26B7D005AFC1A /* Preview Assets.xcassets */,
			);
			path = "Preview Content";
			sourceTree = "<group>";
		};
		45A2E7982AE26B7D005AFC1A /* MemoriseTests */ = {
			isa = PBXGroup;
			children = (
				45A2E7992AE26B7D005AFC1A /* MemoriseTests.swift */,
			);
			path = MemoriseTests;
			sourceTree = "<group>";
		};
		45A2E7A22AE26B7D005AFC1A /* MemoriseUITests */ = {
			isa = PBXGroup;
			children = (
				45A2E7A32AE26B7D005AFC1A /* MemoriseUITests.swift */,
				45A2E7A52AE26B7D005AFC1A /* MemoriseUITestsLaunchTests.swift */,
			);
			path = MemoriseUITests;
			sourceTree = "<group>";
		};
/* End PBXGroup section */

/* Begin PBXNativeTarget section */
		45A2E7842AE26B7C005AFC1A /* Memorise */ = {
			isa = PBXNativeTarget;
			buildConfigurationList = 45A2E7A92AE26B7D005AFC1A /* Build configuration list for PBXNativeTarget "Memorise" */;
			buildPhases = (
				45A2E7812AE26B7C005AFC1A /* Sources */,
				45A2E7822AE26B7C005AFC1A /* Frameworks */,
				45A2E7832AE26B7C005AFC1A /* Resources */,
			);
			buildRules = (
			);
			dependencies = (
			);
			name = Memorise;
			productName = Memorise;
			productReference = 45A2E7852AE26B7D005AFC1A /* Memorise.app */;
			productType = "com.apple.product-type.application";
		};
		45A2E7942AE26B7D005AFC1A /* MemoriseTests */ = {
			isa = PBXNativeTarget;
			buildConfigurationList = 45A2E7AC2AE26B7D005AFC1A /* Build configuration list for PBXNativeTarget "MemoriseTests" */;
			buildPhases = (
				45A2E7912AE26B7D005AFC1A /* Sources */,
				45A2E7922AE26B7D005AFC1A /* Frameworks */,
				45A2E7932AE26B7D005AFC1A /* Resources */,
			);
			buildRules = (
			);
			dependencies = (
				45A2E7972AE26B7D005AFC1A /* PBXTargetDependency */,
			);
			name = MemoriseTests;
			productName = MemoriseTests;
			productReference = 45A2E7952AE26B7D005AFC1A /* MemoriseTests.xctest */;
			productType = "com.apple.product-type.bundle.unit-test";
		};
		45A2E79E2AE26B7D005AFC1A /* MemoriseUITests */ = {
			isa = PBXNativeTarget;
			buildConfigurationList = 45A2E7AF2AE26B7D005AFC1A /* Build configuration list for PBXNativeTarget "MemoriseUITests" */;
			buildPhases = (
				45A2E79B2AE26B7D005AFC1A /* Sources */,
				45A2E79C2AE26B7D005AFC1A /* Frameworks */,
				45A2E79D2AE26B7D005AFC1A /* Resources */,
			);
			buildRules = (
			);
			dependencies = (
				45A2E7A12AE26B7D005AFC1A /* PBXTargetDependency */,
			);
			name = MemoriseUITests;
			productName = MemoriseUITests;
			productReference = 45A2E79F2AE26B7D005AFC1A /* MemoriseUITests.xctest */;
			productType = "com.apple.product-type.bundle.ui-testing";
		};
/* End PBXNativeTarget section */

/* Begin PBXProject section */
		45A2E77D2AE26B7C005AFC1A /* Project object */ = {
			isa = PBXProject;
			attributes = {
				BuildIndependentTargetsInParallel = 1;
				LastSwiftUpdateCheck = 1430;
				LastUpgradeCheck = 1430;
				TargetAttributes = {
					45A2E7842AE26B7C005AFC1A = {
						CreatedOnToolsVersion = 14.3.1;
					};
					45A2E7942AE26B7D005AFC1A = {
						CreatedOnToolsVersion = 14.3.1;
						TestTargetID = 45A2E7842AE26B7C005AFC1A;
					};
					45A2E79E2AE26B7D005AFC1A = {
						CreatedOnToolsVersion = 14.3.1;
						TestTargetID = 45A2E7842AE26B7C005AFC1A;
					};
				};
			};
			buildConfigurationList = 45A2E7802AE26B7C005AFC1A /* Build configuration list for PBXProject "Memorise" */;
			compatibilityVersion = "Xcode 14.0";
			developmentRegion = en;
			hasScannedForEncodings = 0;
			knownRegions = (
				en,
				Base,
			);
			mainGroup = 45A2E77C2AE26B7C005AFC1A;
			productRefGroup = 45A2E7862AE26B7D005AFC1A /* Products */;
			projectDirPath = "";
			projectRoot = "";
			targets = (
				45A2E7842AE26B7C005AFC1A /* Memorise */,
				45A2E7942AE26B7D005AFC1A /* MemoriseTests */,
				45A2E79E2AE26B7D005AFC1A /* MemoriseUITests */,
			);
		};
/* End PBXProject section */

/* Begin PBXResourcesBuildPhase section */
		45A2E7832AE26B7C005AFC1A /* Resources */ = {
			isa = PBXResourcesBuildPhase;
			buildActionMask = 2147483647;
			files = (
				45A2E7902AE26B7D005AFC1A /* Preview Assets.xcassets in Resources */,
				45A2E78D2AE26B7D005AFC1A /* Assets.xcassets in Resources */,
			);
			runOnlyForDeploymentPostprocessing = 0;
		};
		45A2E7932AE26B7D005AFC1A /* Resources */ = {
			isa = PBXResourcesBuildPhase;
			buildActionMask = 2147483647;
			files = (
			);
			runOnlyForDeploymentPostprocessing = 0;
		};
		45A2E79D2AE26B7D005AFC1A /* Resources */ = {
			isa = PBXResourcesBuildPhase;
			buildActionMask = 2147483647;
			files = (
			);
			runOnlyForDeploymentPostprocessing = 0;
		};
/* End PBXResourcesBuildPhase section */

/* Begin PBXSourcesBuildPhase section */
		45A2E7812AE26B7C005AFC1A /* Sources */ = {
			isa = PBXSourcesBuildPhase;
			buildActionMask = 2147483647;
			files = (
				45E9B4972AE877AA0049AAAC /* Pie.swift in Sources */,
				45E9B4992AE90A180049AAAC /* Cardify.swift in Sources */,
				45022A5F2AE67B19006349CB /* MemoryGame.swift in Sources */,
				45A2E78B2AE26B7D005AFC1A /* EmojiMemoryCardView.swift in Sources */,
				45A2E7892AE26B7D005AFC1A /* MemoriseApp.swift in Sources */,
				45E9B4952AE869290049AAAC /* AspectVGrid.swift in Sources */,
				45022A612AE67D6A006349CB /* EmojiMemoryGame.swift in Sources */,
			);
			runOnlyForDeploymentPostprocessing = 0;
		};
		45A2E7912AE26B7D005AFC1A /* Sources */ = {
			isa = PBXSourcesBuildPhase;
			buildActionMask = 2147483647;
			files = (
				45A2E79A2AE26B7D005AFC1A /* MemoriseTests.swift in Sources */,
			);
			runOnlyForDeploymentPostprocessing = 0;
		};
		45A2E79B2AE26B7D005AFC1A /* Sources */ = {
			isa = PBXSourcesBuildPhase;
			buildActionMask = 2147483647;
			files = (
				45A2E7A62AE26B7D005AFC1A /* MemoriseUITestsLaunchTests.swift in Sources */,
				45A2E7A42AE26B7D005AFC1A /* MemoriseUITests.swift in Sources */,
			);
			runOnlyForDeploymentPostprocessing = 0;
		};
/* End PBXSourcesBuildPhase section */

/* Begin PBXTargetDependency section */
		45A2E7972AE26B7D005AFC1A /* PBXTargetDependency */ = {
			isa = PBXTargetDependency;
			target = 45A2E7842AE26B7C005AFC1A /* Memorise */;
			targetProxy = 45A2E7962AE26B7D005AFC1A /* PBXContainerItemProxy */;
		};
		45A2E7A12AE26B7D005AFC1A /* PBXTargetDependency */ = {
			isa = PBXTargetDependency;
			target = 45A2E7842AE26B7C005AFC1A /* Memorise */;
			targetProxy = 45A2E7A02AE26B7D005AFC1A /* PBXContainerItemProxy */;
		};
/* End PBXTargetDependency section */

/* Begin XCBuildConfiguration section */
		45A2E7A72AE26B7D005AFC1A /* Debug */ = {
			isa = XCBuildConfiguration;
			buildSettings = {
				ALWAYS_SEARCH_USER_PATHS = NO;
				CLANG_ANALYZER_NONNULL = YES;
				CLANG_ANALYZER_NUMBER_OBJECT_CONVERSION = YES_AGGRESSIVE;
				CLANG_CXX_LANGUAGE_STANDARD = "gnu++20";
				CLANG_ENABLE_MODULES = YES;
				CLANG_ENABLE_OBJC_ARC = YES;
				CLANG_ENABLE_OBJC_WEAK = YES;
				CLANG_WARN_BLOCK_CAPTURE_AUTORELEASING = YES;
				CLANG_WARN_BOOL_CONVERSION = YES;
				CLANG_WARN_COMMA = YES;
				CLANG_WARN_CONSTANT_CONVERSION = YES;
				CLANG_WARN_DEPRECATED_OBJC_IMPLEMENTATIONS = YES;
				CLANG_WARN_DIRECT_OBJC_ISA_USAGE = YES_ERROR;
				CLANG_WARN_DOCUMENTATION_COMMENTS = YES;
				CLANG_WARN_EMPTY_BODY = YES;
				CLANG_WARN_ENUM_CONVERSION = YES;
				CLANG_WARN_INFINITE_RECURSION = YES;
				CLANG_WARN_INT_CONVERSION = YES;
				CLANG_WARN_NON_LITERAL_NULL_CONVERSION = YES;
				CLANG_WARN_OBJC_IMPLICIT_RETAIN_SELF = YES;
				CLANG_WARN_OBJC_LITERAL_CONVERSION = YES;
				CLANG_WARN_OBJC_ROOT_CLASS = YES_ERROR;
				CLANG_WARN_QUOTED_INCLUDE_IN_FRAMEWORK_HEADER = YES;
				CLANG_WARN_RANGE_LOOP_ANALYSIS = YES;
				CLANG_WARN_STRICT_PROTOTYPES = YES;
				CLANG_WARN_SUSPICIOUS_MOVE = YES;
				CLANG_WARN_UNGUARDED_AVAILABILITY = YES_AGGRESSIVE;
				CLANG_WARN_UNREACHABLE_CODE = YES;
				CLANG_WARN__DUPLICATE_METHOD_MATCH = YES;
				COPY_PHASE_STRIP = NO;
				DEBUG_INFORMATION_FORMAT = dwarf;
				ENABLE_STRICT_OBJC_MSGSEND = YES;
				ENABLE_TESTABILITY = YES;
				GCC_C_LANGUAGE_STANDARD = gnu11;
				GCC_DYNAMIC_NO_PIC = NO;
				GCC_NO_COMMON_BLOCKS = YES;
				GCC_OPTIMIZATION_LEVEL = 0;
				GCC_PREPROCESSOR_DEFINITIONS = (
					"DEBUG=1",
					"$(inherited)",
				);
				GCC_WARN_64_TO_32_BIT_CONVERSION = YES;
				GCC_WARN_ABOUT_RETURN_TYPE = YES_ERROR;
				GCC_WARN_UNDECLARED_SELECTOR = YES;
				GCC_WARN_UNINITIALIZED_AUTOS = YES_AGGRESSIVE;
				GCC_WARN_UNUSED_FUNCTION = YES;
				GCC_WARN_UNUSED_VARIABLE = YES;
				IPHONEOS_DEPLOYMENT_TARGET = 16.4;
				MTL_ENABLE_DEBUG_INFO = INCLUDE_SOURCE;
				MTL_FAST_MATH = YES;
				ONLY_ACTIVE_ARCH = YES;
				SDKROOT = iphoneos;
				SWIFT_ACTIVE_COMPILATION_CONDITIONS = DEBUG;
				SWIFT_OPTIMIZATION_LEVEL = "-Onone";
			};
			name = Debug;
		};
		45A2E7A82AE26B7D005AFC1A /* Release */ = {
			isa = XCBuildConfiguration;
			buildSettings = {
				ALWAYS_SEARCH_USER_PATHS = NO;
				CLANG_ANALYZER_NONNULL = YES;
				CLANG_ANALYZER_NUMBER_OBJECT_CONVERSION = YES_AGGRESSIVE;
				CLANG_CXX_LANGUAGE_STANDARD = "gnu++20";
				CLANG_ENABLE_MODULES = YES;
				CLANG_ENABLE_OBJC_ARC = YES;
				CLANG_ENABLE_OBJC_WEAK = YES;
				CLANG_WARN_BLOCK_CAPTURE_AUTORELEASING = YES;
				CLANG_WARN_BOOL_CONVERSION = YES;
				CLANG_WARN_COMMA = YES;
				CLANG_WARN_CONSTANT_CONVERSION = YES;
				CLANG_WARN_DEPRECATED_OBJC_IMPLEMENTATIONS = YES;
				CLANG_WARN_DIRECT_OBJC_ISA_USAGE = YES_ERROR;
				CLANG_WARN_DOCUMENTATION_COMMENTS = YES;
				CLANG_WARN_EMPTY_BODY = YES;
				CLANG_WARN_ENUM_CONVERSION = YES;
				CLANG_WARN_INFINITE_RECURSION = YES;
				CLANG_WARN_INT_CONVERSION = YES;
				CLANG_WARN_NON_LITERAL_NULL_CONVERSION = YES;
				CLANG_WARN_OBJC_IMPLICIT_RETAIN_SELF = YES;
				CLANG_WARN_OBJC_LITERAL_CONVERSION = YES;
				CLANG_WARN_OBJC_ROOT_CLASS = YES_ERROR;
				CLANG_WARN_QUOTED_INCLUDE_IN_FRAMEWORK_HEADER = YES;
				CLANG_WARN_RANGE_LOOP_ANALYSIS = YES;
				CLANG_WARN_STRICT_PROTOTYPES = YES;
				CLANG_WARN_SUSPICIOUS_MOVE = YES;
				CLANG_WARN_UNGUARDED_AVAILABILITY = YES_AGGRESSIVE;
				CLANG_WARN_UNREACHABLE_CODE = YES;
				CLANG_WARN__DUPLICATE_METHOD_MATCH = YES;
				COPY_PHASE_STRIP = NO;
				DEBUG_INFORMATION_FORMAT = "dwarf-with-dsym";
				ENABLE_NS_ASSERTIONS = NO;
				ENABLE_STRICT_OBJC_MSGSEND = YES;
				GCC_C_LANGUAGE_STANDARD = gnu11;
				GCC_NO_COMMON_BLOCKS = YES;
				GCC_WARN_64_TO_32_BIT_CONVERSION = YES;
				GCC_WARN_ABOUT_RETURN_TYPE = YES_ERROR;
				GCC_WARN_UNDECLARED_SELECTOR = YES;
				GCC_WARN_UNINITIALIZED_AUTOS = YES_AGGRESSIVE;
				GCC_WARN_UNUSED_FUNCTION = YES;
				GCC_WARN_UNUSED_VARIABLE = YES;
				IPHONEOS_DEPLOYMENT_TARGET = 16.4;
				MTL_ENABLE_DEBUG_INFO = NO;
				MTL_FAST_MATH = YES;
				SDKROOT = iphoneos;
				SWIFT_COMPILATION_MODE = wholemodule;
				SWIFT_OPTIMIZATION_LEVEL = "-O";
				VALIDATE_PRODUCT = YES;
			};
			name = Release;
		};
		45A2E7AA2AE26B7D005AFC1A /* Debug */ = {
			isa = XCBuildConfiguration;
			buildSettings = {
				ASSETCATALOG_COMPILER_APPICON_NAME = AppIcon;
				ASSETCATALOG_COMPILER_GLOBAL_ACCENT_COLOR_NAME = AccentColor;
				CODE_SIGN_STYLE = Automatic;
				CURRENT_PROJECT_VERSION = 1;
				DEVELOPMENT_ASSET_PATHS = "\"Memorise/Preview Content\"";
				DEVELOPMENT_TEAM = DCN4KP43VA;
				ENABLE_PREVIEWS = YES;
				GENERATE_INFOPLIST_FILE = YES;
				INFOPLIST_KEY_UIApplicationSceneManifest_Generation = YES;
				INFOPLIST_KEY_UIApplicationSupportsIndirectInputEvents = YES;
				INFOPLIST_KEY_UILaunchScreen_Generation = YES;
				INFOPLIST_KEY_UISupportedInterfaceOrientations_iPad = "UIInterfaceOrientationPortrait UIInterfaceOrientationPortraitUpsideDown UIInterfaceOrientationLandscapeLeft UIInterfaceOrientationLandscapeRight";
				INFOPLIST_KEY_UISupportedInterfaceOrientations_iPhone = "UIInterfaceOrientationPortrait UIInterfaceOrientationLandscapeLeft UIInterfaceOrientationLandscapeRight";
				LD_RUNPATH_SEARCH_PATHS = (
					"$(inherited)",
					"@executable_path/Frameworks",
				);
				MARKETING_VERSION = 1.0;
				PRODUCT_BUNDLE_IDENTIFIER = "Fernando-Correia.Memorise";
				PRODUCT_NAME = "$(TARGET_NAME)";
				SWIFT_EMIT_LOC_STRINGS = YES;
				SWIFT_VERSION = 5.0;
				TARGETED_DEVICE_FAMILY = "1,2";
			};
			name = Debug;
		};
		45A2E7AB2AE26B7D005AFC1A /* Release */ = {
			isa = XCBuildConfiguration;
			buildSettings = {
				ASSETCATALOG_COMPILER_APPICON_NAME = AppIcon;
				ASSETCATALOG_COMPILER_GLOBAL_ACCENT_COLOR_NAME = AccentColor;
				CODE_SIGN_STYLE = Automatic;
				CURRENT_PROJECT_VERSION = 1;
				DEVELOPMENT_ASSET_PATHS = "\"Memorise/Preview Content\"";
				DEVELOPMENT_TEAM = DCN4KP43VA;
				ENABLE_PREVIEWS = YES;
				GENERATE_INFOPLIST_FILE = YES;
				INFOPLIST_KEY_UIApplicationSceneManifest_Generation = YES;
				INFOPLIST_KEY_UIApplicationSupportsIndirectInputEvents = YES;
				INFOPLIST_KEY_UILaunchScreen_Generation = YES;
				INFOPLIST_KEY_UISupportedInterfaceOrientations_iPad = "UIInterfaceOrientationPortrait UIInterfaceOrientationPortraitUpsideDown UIInterfaceOrientationLandscapeLeft UIInterfaceOrientationLandscapeRight";
				INFOPLIST_KEY_UISupportedInterfaceOrientations_iPhone = "UIInterfaceOrientationPortrait UIInterfaceOrientationLandscapeLeft UIInterfaceOrientationLandscapeRight";
				LD_RUNPATH_SEARCH_PATHS = (
					"$(inherited)",
					"@executable_path/Frameworks",
				);
				MARKETING_VERSION = 1.0;
				PRODUCT_BUNDLE_IDENTIFIER = "Fernando-Correia.Memorise";
				PRODUCT_NAME = "$(TARGET_NAME)";
				SWIFT_EMIT_LOC_STRINGS = YES;
				SWIFT_VERSION = 5.0;
				TARGETED_DEVICE_FAMILY = "1,2";
			};
			name = Release;
		};
		45A2E7AD2AE26B7D005AFC1A /* Debug */ = {
			isa = XCBuildConfiguration;
			buildSettings = {
				ALWAYS_EMBED_SWIFT_STANDARD_LIBRARIES = YES;
				BUNDLE_LOADER = "$(TEST_HOST)";
				CODE_SIGN_STYLE = Automatic;
				CURRENT_PROJECT_VERSION = 1;
				DEVELOPMENT_TEAM = DCN4KP43VA;
				GENERATE_INFOPLIST_FILE = YES;
				IPHONEOS_DEPLOYMENT_TARGET = 16.4;
				MARKETING_VERSION = 1.0;
				PRODUCT_BUNDLE_IDENTIFIER = "Fernando-Correia.MemoriseTests";
				PRODUCT_NAME = "$(TARGET_NAME)";
				SWIFT_EMIT_LOC_STRINGS = NO;
				SWIFT_VERSION = 5.0;
				TARGETED_DEVICE_FAMILY = "1,2";
				TEST_HOST = "$(BUILT_PRODUCTS_DIR)/Memorise.app/$(BUNDLE_EXECUTABLE_FOLDER_PATH)/Memorise";
			};
			name = Debug;
		};
		45A2E7AE2AE26B7D005AFC1A /* Release */ = {
			isa = XCBuildConfiguration;
			buildSettings = {
				ALWAYS_EMBED_SWIFT_STANDARD_LIBRARIES = YES;
				BUNDLE_LOADER = "$(TEST_HOST)";
				CODE_SIGN_STYLE = Automatic;
				CURRENT_PROJECT_VERSION = 1;
				DEVELOPMENT_TEAM = DCN4KP43VA;
				GENERATE_INFOPLIST_FILE = YES;
				IPHONEOS_DEPLOYMENT_TARGET = 16.4;
				MARKETING_VERSION = 1.0;
				PRODUCT_BUNDLE_IDENTIFIER = "Fernando-Correia.MemoriseTests";
				PRODUCT_NAME = "$(TARGET_NAME)";
				SWIFT_EMIT_LOC_STRINGS = NO;
				SWIFT_VERSION = 5.0;
				TARGETED_DEVICE_FAMILY = "1,2";
				TEST_HOST = "$(BUILT_PRODUCTS_DIR)/Memorise.app/$(BUNDLE_EXECUTABLE_FOLDER_PATH)/Memorise";
			};
			name = Release;
		};
		45A2E7B02AE26B7D005AFC1A /* Debug */ = {
			isa = XCBuildConfiguration;
			buildSettings = {
				ALWAYS_EMBED_SWIFT_STANDARD_LIBRARIES = YES;
				CODE_SIGN_STYLE = Automatic;
				CURRENT_PROJECT_VERSION = 1;
				DEVELOPMENT_TEAM = DCN4KP43VA;
				GENERATE_INFOPLIST_FILE = YES;
				MARKETING_VERSION = 1.0;
				PRODUCT_BUNDLE_IDENTIFIER = "Fernando-Correia.MemoriseUITests";
				PRODUCT_NAME = "$(TARGET_NAME)";
				SWIFT_EMIT_LOC_STRINGS = NO;
				SWIFT_VERSION = 5.0;
				TARGETED_DEVICE_FAMILY = "1,2";
				TEST_TARGET_NAME = Memorise;
			};
			name = Debug;
		};
		45A2E7B12AE26B7D005AFC1A /* Release */ = {
			isa = XCBuildConfiguration;
			buildSettings = {
				ALWAYS_EMBED_SWIFT_STANDARD_LIBRARIES = YES;
				CODE_SIGN_STYLE = Automatic;
				CURRENT_PROJECT_VERSION = 1;
				DEVELOPMENT_TEAM = DCN4KP43VA;
				GENERATE_INFOPLIST_FILE = YES;
				MARKETING_VERSION = 1.0;
				PRODUCT_BUNDLE_IDENTIFIER = "Fernando-Correia.MemoriseUITests";
				PRODUCT_NAME = "$(TARGET_NAME)";
				SWIFT_EMIT_LOC_STRINGS = NO;
				SWIFT_VERSION = 5.0;
				TARGETED_DEVICE_FAMILY = "1,2";
				TEST_TARGET_NAME = Memorise;
			};
			name = Release;
		};
/* End XCBuildConfiguration section */

/* Begin XCConfigurationList section */
		45A2E7802AE26B7C005AFC1A /* Build configuration list for PBXProject "Memorise" */ = {
			isa = XCConfigurationList;
			buildConfigurations = (
				45A2E7A72AE26B7D005AFC1A /* Debug */,
				45A2E7A82AE26B7D005AFC1A /* Release */,
			);
			defaultConfigurationIsVisible = 0;
			defaultConfigurationName = Release;
		};
		45A2E7A92AE26B7D005AFC1A /* Build configuration list for PBXNativeTarget "Memorise" */ = {
			isa = XCConfigurationList;
			buildConfigurations = (
				45A2E7AA2AE26B7D005AFC1A /* Debug */,
				45A2E7AB2AE26B7D005AFC1A /* Release */,
			);
			defaultConfigurationIsVisible = 0;
			defaultConfigurationName = Release;
		};
		45A2E7AC2AE26B7D005AFC1A /* Build configuration list for PBXNativeTarget "MemoriseTests" */ = {
			isa = XCConfigurationList;
			buildConfigurations = (
				45A2E7AD2AE26B7D005AFC1A /* Debug */,
				45A2E7AE2AE26B7D005AFC1A /* Release */,
			);
			defaultConfigurationIsVisible = 0;
			defaultConfigurationName = Release;
		};
		45A2E7AF2AE26B7D005AFC1A /* Build configuration list for PBXNativeTarget "MemoriseUITests" */ = {
			isa = XCConfigurationList;
			buildConfigurations = (
				45A2E7B02AE26B7D005AFC1A /* Debug */,
				45A2E7B12AE26B7D005AFC1A /* Release */,
			);
			defaultConfigurationIsVisible = 0;
			defaultConfigurationName = Release;
		};
/* End XCConfigurationList section */
	};
	rootObject = 45A2E77D2AE26B7C005AFC1A /* Project object */;
}
